
Microsoft Visual Studio Solution File, Format Version 12.00
# Visual Studio Version 17
VisualStudioVersion = 17.11.35222.181
MinimumVisualStudioVersion = 10.0.40219.1
Project("{FAE04EC0-301F-11D3-BF4B-00C04F79EFBC}") = "Papegojor", "Papegojor.csproj", "{279C617C-E9E2-40FE-8357-4C761D6F7AFC}"
EndProject
Global
	GlobalSection(SolutionConfigurationPlatforms) = preSolution
		Debug|Any CPU = Debug|Any CPU
		Release|Any CPU = Release|Any CPU
	EndGlobalSection
	GlobalSection(ProjectConfigurationPlatforms) = postSolution
		{279C617C-E9E2-40FE-8357-4C761D6F7AFC}.Debug|Any CPU.ActiveCfg = Debug|Any CPU
		{279C617C-E9E2-40FE-8357-4C761D6F7AFC}.Debug|Any CPU.Build.0 = Debug|Any CPU
		{279C617C-E9E2-40FE-8357-4C761D6F7AFC}.Release|Any CPU.ActiveCfg = Release|Any CPU
		{279C617C-E9E2-40FE-8357-4C761D6F7AFC}.Release|Any CPU.Build.0 = Release|Any CPU
	EndGlobalSection
	GlobalSection(SolutionProperties) = preSolution
		HideSolutionNode = FALSE
	EndGlobalSection
	GlobalSection(ExtensibilityGlobals) = postSolution
		SolutionGuid = {84B91321-794E-4D0E-9238-ABCAAE36C68F}
	EndGlobalSection
EndGlobal
